
Microsoft Visual Studio Solution File, Format Version 12.00
# Visual Studio Version 17
VisualStudioVersion = 17.9.34728.123
MinimumVisualStudioVersion = 10.0.40219.1
Project("{2150E333-8FDC-42A3-9474-1A3956D46DE8}") = "FrontEnd", "FrontEnd", "{DCA49DE3-2076-482D-877E-B64337387D79}"
EndProject
Project("{2150E333-8FDC-42A3-9474-1A3956D46DE8}") = "Gateway", "Gateway", "{DAF3E7C7-158D-4F8F-AEC3-8987998E58EC}"
EndProject
Project("{2150E333-8FDC-42A3-9474-1A3956D46DE8}") = "Integration", "Integration", "{00CA603D-84CB-42B3-B721-9FC789F18C1C}"
EndProject
Project("{2150E333-8FDC-42A3-9474-1A3956D46DE8}") = "Services", "Services", "{FC45886E-DD82-4804-902C-16AC29729D5F}"
EndProject
Project("{9A19103F-16F7-4668-BE54-9A1E7A4F7556}") = "Mango.Services.CouponAPI", "Mango.Services.CouponAPI\Mango.Services.CouponAPI.csproj", "{D90937BB-9191-4843-9F1D-FB60B991E7BD}"
EndProject
Project("{FAE04EC0-301F-11D3-BF4B-00C04F79EFBC}") = "Mango.Web", "Mango.Web\Mango.Web.csproj", "{5BA74C8E-C2A4-4924-A962-71BDF2BE5596}"
EndProject
Global
	GlobalSection(SolutionConfigurationPlatforms) = preSolution
		Debug|Any CPU = Debug|Any CPU
		Release|Any CPU = Release|Any CPU
	EndGlobalSection
	GlobalSection(ProjectConfigurationPlatforms) = postSolution
		{D90937BB-9191-4843-9F1D-FB60B991E7BD}.Debug|Any CPU.ActiveCfg = Debug|Any CPU
		{D90937BB-9191-4843-9F1D-FB60B991E7BD}.Debug|Any CPU.Build.0 = Debug|Any CPU
		{D90937BB-9191-4843-9F1D-FB60B991E7BD}.Release|Any CPU.ActiveCfg = Release|Any CPU
		{D90937BB-9191-4843-9F1D-FB60B991E7BD}.Release|Any CPU.Build.0 = Release|Any CPU
		{5BA74C8E-C2A4-4924-A962-71BDF2BE5596}.Debug|Any CPU.ActiveCfg = Debug|Any CPU
		{5BA74C8E-C2A4-4924-A962-71BDF2BE5596}.Debug|Any CPU.Build.0 = Debug|Any CPU
		{5BA74C8E-C2A4-4924-A962-71BDF2BE5596}.Release|Any CPU.ActiveCfg = Release|Any CPU
		{5BA74C8E-C2A4-4924-A962-71BDF2BE5596}.Release|Any CPU.Build.0 = Release|Any CPU
	EndGlobalSection
	GlobalSection(SolutionProperties) = preSolution
		HideSolutionNode = FALSE
	EndGlobalSection
	GlobalSection(NestedProjects) = preSolution
		{D90937BB-9191-4843-9F1D-FB60B991E7BD} = {FC45886E-DD82-4804-902C-16AC29729D5F}
		{5BA74C8E-C2A4-4924-A962-71BDF2BE5596} = {DCA49DE3-2076-482D-877E-B64337387D79}
	EndGlobalSection
	GlobalSection(ExtensibilityGlobals) = postSolution
		SolutionGuid = {0C67E5B8-214E-4A7E-A675-9302EE88B282}
	EndGlobalSection
EndGlobal
